
Microsoft Visual Studio Solution File, Format Version 12.00
# Visual Studio Version 16
VisualStudioVersion = 16.0.30114.105
MinimumVisualStudioVersion = 10.0.40219.1
Project("{FAE04EC0-301F-11D3-BF4B-00C04F79EFBC}") = "CVO.ConsoleApp", "CVO.ConsoleApp\CVO.ConsoleApp.csproj", "{4F7BA886-EB8E-4B5E-87C5-7D97BFFD79BA}"
EndProject
Project("{FAE04EC0-301F-11D3-BF4B-00C04F79EFBC}") = "CVO.Tests", "CVO.Test\CVO.Tests.csproj", "{07B5749C-DE36-4407-BB60-85F749582635}"
EndProject
Global
	GlobalSection(SolutionConfigurationPlatforms) = preSolution
		Debug|Any CPU = Debug|Any CPU
		Release|Any CPU = Release|Any CPU
	EndGlobalSection
	GlobalSection(SolutionProperties) = preSolution
		HideSolutionNode = FALSE
	EndGlobalSection
	GlobalSection(ProjectConfigurationPlatforms) = postSolution
		{4F7BA886-EB8E-4B5E-87C5-7D97BFFD79BA}.Debug|Any CPU.ActiveCfg = Debug|Any CPU
		{4F7BA886-EB8E-4B5E-87C5-7D97BFFD79BA}.Debug|Any CPU.Build.0 = Debug|Any CPU
		{4F7BA886-EB8E-4B5E-87C5-7D97BFFD79BA}.Release|Any CPU.ActiveCfg = Release|Any CPU
		{4F7BA886-EB8E-4B5E-87C5-7D97BFFD79BA}.Release|Any CPU.Build.0 = Release|Any CPU
		{07B5749C-DE36-4407-BB60-85F749582635}.Debug|Any CPU.ActiveCfg = Debug|Any CPU
		{07B5749C-DE36-4407-BB60-85F749582635}.Debug|Any CPU.Build.0 = Debug|Any CPU
		{07B5749C-DE36-4407-BB60-85F749582635}.Release|Any CPU.ActiveCfg = Release|Any CPU
		{07B5749C-DE36-4407-BB60-85F749582635}.Release|Any CPU.Build.0 = Release|Any CPU
	EndGlobalSection
EndGlobal
